
Microsoft Visual Studio Solution File, Format Version 12.00
# Visual Studio Version 17
VisualStudioVersion = 17.4.33110.190
MinimumVisualStudioVersion = 10.0.40219.1
Project("{8BC9CEB8-8B4A-11D0-8D11-00A0C91BC942}") = "PBRtest", "PBRtest.vcxproj", "{DC7CEA4D-D120-47DE-A0F3-37A1A50DDAD1}"
EndProject
Global
	GlobalSection(SolutionConfigurationPlatforms) = preSolution
		Debug|x64 = Debug|x64
		Debug|x86 = Debug|x86
		Release|x64 = Release|x64
		Release|x86 = Release|x86
	EndGlobalSection
	GlobalSection(ProjectConfigurationPlatforms) = postSolution
		{DC7CEA4D-D120-47DE-A0F3-37A1A50DDAD1}.Debug|x64.ActiveCfg = Debug|x64
		{DC7CEA4D-D120-47DE-A0F3-37A1A50DDAD1}.Debug|x64.Build.0 = Debug|x64
		{DC7CEA4D-D120-47DE-A0F3-37A1A50DDAD1}.Debug|x86.ActiveCfg = Debug|Win32
		{DC7CEA4D-D120-47DE-A0F3-37A1A50DDAD1}.Debug|x86.Build.0 = Debug|Win32
		{DC7CEA4D-D120-47DE-A0F3-37A1A50DDAD1}.Release|x64.ActiveCfg = Release|x64
		{DC7CEA4D-D120-47DE-A0F3-37A1A50DDAD1}.Release|x64.Build.0 = Release|x64
		{DC7CEA4D-D120-47DE-A0F3-37A1A50DDAD1}.Release|x86.ActiveCfg = Release|Win32
		{DC7CEA4D-D120-47DE-A0F3-37A1A50DDAD1}.Release|x86.Build.0 = Release|Win32
	EndGlobalSection
	GlobalSection(SolutionProperties) = preSolution
		HideSolutionNode = FALSE
	EndGlobalSection
	GlobalSection(ExtensibilityGlobals) = postSolution
		SolutionGuid = {0405F9A1-E12E-4755-A6F2-FF062FF0DBD4}
	EndGlobalSection
EndGlobal
